<?xml version="1.0" encoding="utf-8"?>
<Project ToolsVersion="4.0" xmlns="http://schemas.microsoft.com/developer/msbuild/2003">
  <ItemGroup>
    <Filter Include="Source Files">
      <UniqueIdentifier>{4FC737F1-C7A5-4376-A066-2A32D752A2FF}</UniqueIdentifier>
      <Extensions>cpp;c;cc;cxx;def;odl;idl;hpj;bat;asm;asmx</Extensions>
    </Filter>
    <Filter Include="Header Files">
      <UniqueIdentifier>{93995380-89BD-4b04-88EB-625FBE52EBFB}</UniqueIdentifier>
      <Extensions>h;hh;hpp;hxx;hm;inl;inc;xsd</Extensions>
    </Filter>
    <Filter Include="Resource Files">
      <UniqueIdentifier>{67DA6AB6-F800-4c08-8B7A-83BB121AAD01}</UniqueIdentifier>
      <Extensions>rc;ico;cur;bmp;dlg;rc2;rct;bin;rgs;gif;jpg;jpeg;jpe;resx;tiff;tif;png;wav</Extensions>
    </Filter>
  </ItemGroup>
  <ItemGroup>
    <ClCompile Include="jpg_0XC3.cpp">
      <Filter>Source Files</Filter>
    </ClCompile>
    <ClCompile Include="main_console.cpp">
      <Filter>Source Files</Filter>
    </ClCompile>
    <ClCompile Include="nifti1_io_core.cpp">
      <Filter>Source Files</Filter>
    </ClCompile>
    <ClCompile Include="nii_dicom.cpp">
      <Filter>Source Files</Filter>
    </ClCompile>
    <ClCompile Include="nii_dicom_batch.cpp">
      <Filter>Source Files</Filter>
    </ClCompile>
    <ClCompile Include="nii_ortho.cpp">
      <Filter>Source Files</Filter>
    </ClCompile>
    <ClCompile Include="ujpeg.cpp">
      <Filter>Source Files</Filter>
    </ClCompile>
  </ItemGroup>
  <ItemGroup>
    <ClInclude Include="jpg_0XC3.h">
      <Filter>Header Files</Filter>
    </ClInclude>
    <ClInclude Include="nifti1.h">
      <Filter>Header Files</Filter>
    </ClInclude>
    <ClInclude Include="nifti1_io_core.h">
      <Filter>Header Files</Filter>
    </ClInclude>
    <ClInclude Include="nii_dicom.h">
      <Filter>Header Files</Filter>
    </ClInclude>
    <ClInclude Include="nii_dicom_batch.h">
      <Filter>Header Files</Filter>
    </ClInclude>
    <ClInclude Include="nii_ortho.h">
      <Filter>Header Files</Filter>
    </ClInclude>
    <ClInclude Include="tinydir.h">
      <Filter>Header Files</Filter>
    </ClInclude>
    <ClInclude Include="ujpeg.h">
      <Filter>Header Files</Filter>
    </ClInclude>
  </ItemGroup>
</Project>