// !$*UTF8*$!
{
	archiveVersion = 1;
	classes = {
	};
	objectVersion = 46;
	objects = {

/* Begin PBXBuildFile section */
		4F1D666719F422D6004BEC23 /* nifti1_io_core.cpp in Sources */ = {isa = PBXBuildFile; fileRef = 4F1D666319F422D6004BEC23 /* nifti1_io_core.cpp */; };
		4F1D666919F422D6004BEC23 /* nii_dicom_batch.cpp in Sources */ = {isa = PBXBuildFile; fileRef = 4F1D666419F422D6004BEC23 /* nii_dicom_batch.cpp */; };
		4F1D666B19F422D6004BEC23 /* nii_dicom.cpp in Sources */ = {isa = PBXBuildFile; fileRef = 4F1D666519F422D6004BEC23 /* nii_dicom.cpp */; };
		4F1D666D19F422D6004BEC23 /* nii_ortho.cpp in Sources */ = {isa = PBXBuildFile; fileRef = 4F1D666619F422D6004BEC23 /* nii_ortho.cpp */; };
		4F20AC5E191D67F600EA3B33 /* libz.1.2.5.dylib in Frameworks */ = {isa = PBXBuildFile; fileRef = 4F20AC5D191D67F600EA3B33 /* libz.1.2.5.dylib */; };
		4F7688E21B173D7D00E959F3 /* miniz.c in Sources */ = {isa = PBXBuildFile; fileRef = 4F7688E11B173D7D00E959F3 /* miniz.c */; };
		4F7688E51B173EBB00E959F3 /* jpg_0XC3.cpp in Sources */ = {isa = PBXBuildFile; fileRef = 4F7688E31B173EBB00E959F3 /* jpg_0XC3.cpp */; };
		4F7688E81B17402B00E959F3 /* ujpeg.cpp in Sources */ = {isa = PBXBuildFile; fileRef = 4F7688E61B17402B00E959F3 /* ujpeg.cpp */; };
		4F9EB64718F333DF00F6A696 /* Cocoa.framework in Frameworks */ = {isa = PBXBuildFile; fileRef = 4F9EB64618F333DF00F6A696 /* Cocoa.framework */; };
		4F9EB65118F333DF00F6A696 /* InfoPlist.strings in Resources */ = {isa = PBXBuildFile; fileRef = 4F9EB64F18F333DF00F6A696 /* InfoPlist.strings */; };
		4F9EB65318F333DF00F6A696 /* main.m in Sources */ = {isa = PBXBuildFile; fileRef = 4F9EB65218F333DF00F6A696 /* main.m */; };
		4F9EB65718F333DF00F6A696 /* Credits.rtf in Resources */ = {isa = PBXBuildFile; fileRef = 4F9EB65518F333DF00F6A696 /* Credits.rtf */; };
		4F9EB65D18F333DF00F6A696 /* MainMenu.xib in Resources */ = {isa = PBXBuildFile; fileRef = 4F9EB65B18F333DF00F6A696 /* MainMenu.xib */; };
		4FE4DAD318FF778100EDF667 /* AppDelegate.m in Sources */ = {isa = PBXBuildFile; fileRef = 4F9EB65918F333DF00F6A696 /* AppDelegate.m */; };
		4FE5DAC618F338FA003B4508 /* dcm2niigui.icns in Resources */ = {isa = PBXBuildFile; fileRef = 4FE5DAC518F338FA003B4508 /* dcm2niigui.icns */; };
		4FE5DACC18F33AEE003B4508 /* myWindow.m in Sources */ = {isa = PBXBuildFile; fileRef = 4FE5DACB18F33AEE003B4508 /* myWindow.m */; };
/* End PBXBuildFile section */

/* Begin PBXFileReference section */
		4F1D665D19F422D6004BEC23 /* nifti1_io_core.h */ = {isa = PBXFileReference; fileEncoding = 4; lastKnownFileType = sourcecode.c.h; path = nifti1_io_core.h; sourceTree = "<group>"; };
		4F1D665E19F422D6004BEC23 /* nifti1.h */ = {isa = PBXFileReference; fileEncoding = 4; lastKnownFileType = sourcecode.c.h; path = nifti1.h; sourceTree = "<group>"; };
		4F1D665F19F422D6004BEC23 /* nii_dicom_batch.h */ = {isa = PBXFileReference; fileEncoding = 4; lastKnownFileType = sourcecode.c.h; path = nii_dicom_batch.h; sourceTree = "<group>"; };
		4F1D666019F422D6004BEC23 /* nii_dicom.h */ = {isa = PBXFileReference; fileEncoding = 4; lastKnownFileType = sourcecode.c.h; path = nii_dicom.h; sourceTree = "<group>"; };
		4F1D666119F422D6004BEC23 /* nii_ortho.h */ = {isa = PBXFileReference; fileEncoding = 4; lastKnownFileType = sourcecode.c.h; path = nii_ortho.h; sourceTree = "<group>"; };
		4F1D666219F422D6004BEC23 /* tinydir.h */ = {isa = PBXFileReference; fileEncoding = 4; lastKnownFileType = sourcecode.c.h; path = tinydir.h; sourceTree = "<group>"; };
		4F1D666319F422D6004BEC23 /* nifti1_io_core.cpp */ = {isa = PBXFileReference; fileEncoding = 4; lastKnownFileType = sourcecode.cpp.cpp; path = nifti1_io_core.cpp; sourceTree = "<group>"; };
		4F1D666419F422D6004BEC23 /* nii_dicom_batch.cpp */ = {isa = PBXFileReference; fileEncoding = 4; lastKnownFileType = sourcecode.cpp.cpp; path = nii_dicom_batch.cpp; sourceTree = "<group>"; };
		4F1D666519F422D6004BEC23 /* nii_dicom.cpp */ = {isa = PBXFileReference; fileEncoding = 4; lastKnownFileType = sourcecode.cpp.cpp; path = nii_dicom.cpp; sourceTree = "<group>"; };
		4F1D666619F422D6004BEC23 /* nii_ortho.cpp */ = {isa = PBXFileReference; fileEncoding = 4; lastKnownFileType = sourcecode.cpp.cpp; path = nii_ortho.cpp; sourceTree = "<group>"; };
		4F20AC5D191D67F600EA3B33 /* libz.1.2.5.dylib */ = {isa = PBXFileReference; lastKnownFileType = "compiled.mach-o.dylib"; name = libz.1.2.5.dylib; path = ../../../../../../usr/lib/libz.1.2.5.dylib; sourceTree = "<group>"; };
		4F7688E11B173D7D00E959F3 /* miniz.c */ = {isa = PBXFileReference; fileEncoding = 4; lastKnownFileType = sourcecode.c.c; path = miniz.c; sourceTree = "<group>"; };
		4F7688E31B173EBB00E959F3 /* jpg_0XC3.cpp */ = {isa = PBXFileReference; fileEncoding = 4; lastKnownFileType = sourcecode.cpp.cpp; path = jpg_0XC3.cpp; sourceTree = "<group>"; };
		4F7688E41B173EBB00E959F3 /* jpg_0XC3.h */ = {isa = PBXFileReference; fileEncoding = 4; lastKnownFileType = sourcecode.c.h; path = jpg_0XC3.h; sourceTree = "<group>"; };
		4F7688E61B17402B00E959F3 /* ujpeg.cpp */ = {isa = PBXFileReference; fileEncoding = 4; lastKnownFileType = sourcecode.cpp.cpp; path = ujpeg.cpp; sourceTree = "<group>"; };
		4F7688E71B17402B00E959F3 /* ujpeg.h */ = {isa = PBXFileReference; fileEncoding = 4; lastKnownFileType = sourcecode.c.h; path = ujpeg.h; sourceTree = "<group>"; };
		4F9EB64318F333DF00F6A696 /* dcm2.app */ = {isa = PBXFileReference; explicitFileType = wrapper.application; includeInIndex = 0; path = dcm2.app; sourceTree = BUILT_PRODUCTS_DIR; };
		4F9EB64618F333DF00F6A696 /* Cocoa.framework */ = {isa = PBXFileReference; lastKnownFileType = wrapper.framework; name = Cocoa.framework; path = System/Library/Frameworks/Cocoa.framework; sourceTree = SDKROOT; };
		4F9EB64918F333DF00F6A696 /* AppKit.framework */ = {isa = PBXFileReference; lastKnownFileType = wrapper.framework; name = AppKit.framework; path = System/Library/Frameworks/AppKit.framework; sourceTree = SDKROOT; };
		4F9EB64A18F333DF00F6A696 /* CoreData.framework */ = {isa = PBXFileReference; lastKnownFileType = wrapper.framework; name = CoreData.framework; path = System/Library/Frameworks/CoreData.framework; sourceTree = SDKROOT; };
		4F9EB64B18F333DF00F6A696 /* Foundation.framework */ = {isa = PBXFileReference; lastKnownFileType = wrapper.framework; name = Foundation.framework; path = System/Library/Frameworks/Foundation.framework; sourceTree = SDKROOT; };
		4F9EB64E18F333DF00F6A696 /* dcm2-Info.plist */ = {isa = PBXFileReference; lastKnownFileType = text.plist.xml; path = "dcm2-Info.plist"; sourceTree = "<group>"; };
		4F9EB65018F333DF00F6A696 /* en */ = {isa = PBXFileReference; lastKnownFileType = text.plist.strings; name = en; path = en.lproj/InfoPlist.strings; sourceTree = "<group>"; };
		4F9EB65218F333DF00F6A696 /* main.m */ = {isa = PBXFileReference; lastKnownFileType = sourcecode.c.objc; path = main.m; sourceTree = "<group>"; };
		4F9EB65418F333DF00F6A696 /* dcm2-Prefix.pch */ = {isa = PBXFileReference; lastKnownFileType = sourcecode.c.h; path = "dcm2-Prefix.pch"; sourceTree = "<group>"; };
		4F9EB65618F333DF00F6A696 /* en */ = {isa = PBXFileReference; lastKnownFileType = text.rtf; name = en; path = en.lproj/Credits.rtf; sourceTree = "<group>"; };
		4F9EB65818F333DF00F6A696 /* AppDelegate.h */ = {isa = PBXFileReference; lastKnownFileType = sourcecode.c.h; path = AppDelegate.h; sourceTree = "<group>"; };
		4F9EB65918F333DF00F6A696 /* AppDelegate.m */ = {isa = PBXFileReference; lastKnownFileType = sourcecode.c.objc; path = AppDelegate.m; sourceTree = "<group>"; };
		4F9EB65C18F333DF00F6A696 /* en */ = {isa = PBXFileReference; lastKnownFileType = file.xib; name = en; path = en.lproj/MainMenu.xib; sourceTree = "<group>"; };
		4F9EB66418F333DF00F6A696 /* SenTestingKit.framework */ = {isa = PBXFileReference; lastKnownFileType = wrapper.framework; name = SenTestingKit.framework; path = Library/Frameworks/SenTestingKit.framework; sourceTree = DEVELOPER_DIR; };
		4FE5DAC518F338FA003B4508 /* dcm2niigui.icns */ = {isa = PBXFileReference; lastKnownFileType = image.icns; path = dcm2niigui.icns; sourceTree = "<group>"; };
		4FE5DACA18F33AEE003B4508 /* myWindow.h */ = {isa = PBXFileReference; fileEncoding = 4; lastKnownFileType = sourcecode.c.h; path = myWindow.h; sourceTree = "<group>"; };
		4FE5DACB18F33AEE003B4508 /* myWindow.m */ = {isa = PBXFileReference; fileEncoding = 4; lastKnownFileType = sourcecode.c.objc; path = myWindow.m; sourceTree = "<group>"; };
/* End PBXFileReference section */

/* Begin PBXFrameworksBuildPhase section */
		4F9EB64018F333DF00F6A696 /* Frameworks */ = {
			isa = PBXFrameworksBuildPhase;
			buildActionMask = 2147483647;
			files = (
				4F20AC5E191D67F600EA3B33 /* libz.1.2.5.dylib in Frameworks */,
				4F9EB64718F333DF00F6A696 /* Cocoa.framework in Frameworks */,
			);
			runOnlyForDeploymentPostprocessing = 0;
		};
/* End PBXFrameworksBuildPhase section */

/* Begin PBXGroup section */
		4F9EB63A18F333DF00F6A696 = {
			isa = PBXGroup;
			children = (
				4F20AC5D191D67F600EA3B33 /* libz.1.2.5.dylib */,
				4FE5DAC518F338FA003B4508 /* dcm2niigui.icns */,
				4F9EB64C18F333DF00F6A696 /* dcm2 */,
				4F9EB64518F333DF00F6A696 /* Frameworks */,
				4F9EB64418F333DF00F6A696 /* Products */,
			);
			sourceTree = "<group>";
		};
		4F9EB64418F333DF00F6A696 /* Products */ = {
			isa = PBXGroup;
			children = (
				4F9EB64318F333DF00F6A696 /* dcm2.app */,
			);
			name = Products;
			sourceTree = "<group>";
		};
		4F9EB64518F333DF00F6A696 /* Frameworks */ = {
			isa = PBXGroup;
			children = (
				4F9EB64618F333DF00F6A696 /* Cocoa.framework */,
				4F9EB66418F333DF00F6A696 /* SenTestingKit.framework */,
				4F9EB64818F333DF00F6A696 /* Other Frameworks */,
			);
			name = Frameworks;
			sourceTree = "<group>";
		};
		4F9EB64818F333DF00F6A696 /* Other Frameworks */ = {
			isa = PBXGroup;
			children = (
				4F9EB64918F333DF00F6A696 /* AppKit.framework */,
				4F9EB64A18F333DF00F6A696 /* CoreData.framework */,
				4F9EB64B18F333DF00F6A696 /* Foundation.framework */,
			);
			name = "Other Frameworks";
			sourceTree = "<group>";
		};
		4F9EB64C18F333DF00F6A696 /* dcm2 */ = {
			isa = PBXGroup;
			children = (
				4FADC891190AD70F00010758 /* core */,
				4F9EB65818F333DF00F6A696 /* AppDelegate.h */,
				4F9EB65918F333DF00F6A696 /* AppDelegate.m */,
				4FE5DACA18F33AEE003B4508 /* myWindow.h */,
				4FE5DACB18F33AEE003B4508 /* myWindow.m */,
				4F9EB65B18F333DF00F6A696 /* MainMenu.xib */,
				4F9EB64D18F333DF00F6A696 /* Supporting Files */,
			);
			path = dcm2;
			sourceTree = "<group>";
		};
		4F9EB64D18F333DF00F6A696 /* Supporting Files */ = {
			isa = PBXGroup;
			children = (
				4F9EB64E18F333DF00F6A696 /* dcm2-Info.plist */,
				4F9EB64F18F333DF00F6A696 /* InfoPlist.strings */,
				4F9EB65218F333DF00F6A696 /* main.m */,
				4F9EB65418F333DF00F6A696 /* dcm2-Prefix.pch */,
				4F9EB65518F333DF00F6A696 /* Credits.rtf */,
			);
			name = "Supporting Files";
			sourceTree = "<group>";
		};
		4FADC891190AD70F00010758 /* core */ = {
			isa = PBXGroup;
			children = (
				4F7688E61B17402B00E959F3 /* ujpeg.cpp */,
				4F7688E71B17402B00E959F3 /* ujpeg.h */,
				4F1D665D19F422D6004BEC23 /* nifti1_io_core.h */,
				4F1D665E19F422D6004BEC23 /* nifti1.h */,
				4F7688E31B173EBB00E959F3 /* jpg_0XC3.cpp */,
				4F7688E41B173EBB00E959F3 /* jpg_0XC3.h */,
				4F1D666019F422D6004BEC23 /* nii_dicom.h */,
				4F1D666519F422D6004BEC23 /* nii_dicom.cpp */,
				4F1D665F19F422D6004BEC23 /* nii_dicom_batch.h */,
				4F1D666419F422D6004BEC23 /* nii_dicom_batch.cpp */,
				4F1D666119F422D6004BEC23 /* nii_ortho.h */,
				4F1D666219F422D6004BEC23 /* tinydir.h */,
				4F1D666319F422D6004BEC23 /* nifti1_io_core.cpp */,
				4F1D666619F422D6004BEC23 /* nii_ortho.cpp */,
				4F7688E11B173D7D00E959F3 /* miniz.c */,
			);
			path = core;
			sourceTree = "<group>";
		};
/* End PBXGroup section */

/* Begin PBXNativeTarget section */
		4F9EB64218F333DF00F6A696 /* dcm2 */ = {
			isa = PBXNativeTarget;
			buildConfigurationList = 4F9EB67418F333DF00F6A696 /* Build configuration list for PBXNativeTarget "dcm2" */;
			buildPhases = (
				4F9EB63F18F333DF00F6A696 /* Sources */,
				4F9EB64018F333DF00F6A696 /* Frameworks */,
				4F9EB64118F333DF00F6A696 /* Resources */,
			);
			buildRules = (
			);
			dependencies = (
			);
			name = dcm2;
			productName = dcm2;
			productReference = 4F9EB64318F333DF00F6A696 /* dcm2.app */;
			productType = "com.apple.product-type.application";
		};
/* End PBXNativeTarget section */

/* Begin PBXProject section */
		4F9EB63B18F333DF00F6A696 /* Project object */ = {
			isa = PBXProject;
			attributes = {
				LastTestingUpgradeCheck = 0640;
				LastUpgradeCheck = 0610;
				ORGANIZATIONNAME = "Chris Rorden";
			};
			buildConfigurationList = 4F9EB63E18F333DF00F6A696 /* Build configuration list for PBXProject "dcm2" */;
			compatibilityVersion = "Xcode 3.2";
			developmentRegion = English;
			hasScannedForEncodings = 0;
			knownRegions = (
				en,
			);
			mainGroup = 4F9EB63A18F333DF00F6A696;
			productRefGroup = 4F9EB64418F333DF00F6A696 /* Products */;
			projectDirPath = "";
			projectRoot = "";
			targets = (
				4F9EB64218F333DF00F6A696 /* dcm2 */,
			);
		};
/* End PBXProject section */

/* Begin PBXResourcesBuildPhase section */
		4F9EB64118F333DF00F6A696 /* Resources */ = {
			isa = PBXResourcesBuildPhase;
			buildActionMask = 2147483647;
			files = (
				4F9EB65118F333DF00F6A696 /* InfoPlist.strings in Resources */,
				4F9EB65718F333DF00F6A696 /* Credits.rtf in Resources */,
				4F9EB65D18F333DF00F6A696 /* MainMenu.xib in Resources */,
				4FE5DAC618F338FA003B4508 /* dcm2niigui.icns in Resources */,
			);
			runOnlyForDeploymentPostprocessing = 0;
		};
/* End PBXResourcesBuildPhase section */

/* Begin PBXSourcesBuildPhase section */
		4F9EB63F18F333DF00F6A696 /* Sources */ = {
			isa = PBXSourcesBuildPhase;
			buildActionMask = 2147483647;
			files = (
				4F7688E51B173EBB00E959F3 /* jpg_0XC3.cpp in Sources */,
				4F9EB65318F333DF00F6A696 /* main.m in Sources */,
				4FE5DACC18F33AEE003B4508 /* myWindow.m in Sources */,
				4FE4DAD318FF778100EDF667 /* AppDelegate.m in Sources */,
				4F1D666719F422D6004BEC23 /* nifti1_io_core.cpp in Sources */,
				4F7688E81B17402B00E959F3 /* ujpeg.cpp in Sources */,
				4F1D666919F422D6004BEC23 /* nii_dicom_batch.cpp in Sources */,
				4F1D666B19F422D6004BEC23 /* nii_dicom.cpp in Sources */,
				4F1D666D19F422D6004BEC23 /* nii_ortho.cpp in Sources */,
				4F7688E21B173D7D00E959F3 /* miniz.c in Sources */,
			);
			runOnlyForDeploymentPostprocessing = 0;
		};
/* End PBXSourcesBuildPhase section */

/* Begin PBXVariantGroup section */
		4F9EB64F18F333DF00F6A696 /* InfoPlist.strings */ = {
			isa = PBXVariantGroup;
			children = (
				4F9EB65018F333DF00F6A696 /* en */,
			);
			name = InfoPlist.strings;
			sourceTree = "<group>";
		};
		4F9EB65518F333DF00F6A696 /* Credits.rtf */ = {
			isa = PBXVariantGroup;
			children = (
				4F9EB65618F333DF00F6A696 /* en */,
			);
			name = Credits.rtf;
			sourceTree = "<group>";
		};
		4F9EB65B18F333DF00F6A696 /* MainMenu.xib */ = {
			isa = PBXVariantGroup;
			children = (
				4F9EB65C18F333DF00F6A696 /* en */,
			);
			name = MainMenu.xib;
			sourceTree = "<group>";
		};
/* End PBXVariantGroup section */

/* Begin XCBuildConfiguration section */
		4F9EB67218F333DF00F6A696 /* Debug */ = {
			isa = XCBuildConfiguration;
			buildSettings = {
				ALWAYS_SEARCH_USER_PATHS = NO;
				CLANG_CXX_LANGUAGE_STANDARD = "gnu++0x";
				CLANG_CXX_LIBRARY = "libstdc++";
				CLANG_ENABLE_OBJC_ARC = NO;
				CLANG_WARN_CONSTANT_CONVERSION = YES;
				CLANG_WARN_EMPTY_BODY = YES;
				CLANG_WARN_ENUM_CONVERSION = YES;
				CLANG_WARN_INT_CONVERSION = YES;
				CLANG_WARN__DUPLICATE_METHOD_MATCH = YES;
				COPY_PHASE_STRIP = NO;
				GCC_C_LANGUAGE_STANDARD = gnu99;
				GCC_DYNAMIC_NO_PIC = NO;
				GCC_ENABLE_OBJC_EXCEPTIONS = YES;
				GCC_OPTIMIZATION_LEVEL = 0;
				GCC_PREPROCESSOR_DEFINITIONS = (
					myDisableMiniZ,
					myDisableOpenJPEG,
				);
				GCC_SYMBOLS_PRIVATE_EXTERN = NO;
				GCC_WARN_64_TO_32_BIT_CONVERSION = YES;
				GCC_WARN_ABOUT_RETURN_TYPE = YES;
				GCC_WARN_UNINITIALIZED_AUTOS = YES;
				GCC_WARN_UNUSED_VARIABLE = YES;
				MACOSX_DEPLOYMENT_TARGET = 10.6;
				ONLY_ACTIVE_ARCH = YES;
				SDKROOT = "";
			};
			name = Debug;
		};
		4F9EB67318F333DF00F6A696 /* Release */ = {
			isa = XCBuildConfiguration;
			buildSettings = {
				ALWAYS_SEARCH_USER_PATHS = NO;
				CLANG_CXX_LANGUAGE_STANDARD = "gnu++0x";
				CLANG_CXX_LIBRARY = "libstdc++";
				CLANG_ENABLE_OBJC_ARC = NO;
				CLANG_WARN_CONSTANT_CONVERSION = YES;
				CLANG_WARN_EMPTY_BODY = YES;
				CLANG_WARN_ENUM_CONVERSION = YES;
				CLANG_WARN_INT_CONVERSION = YES;
				CLANG_WARN__DUPLICATE_METHOD_MATCH = YES;
				COPY_PHASE_STRIP = YES;
				DEBUG_INFORMATION_FORMAT = "dwarf-with-dsym";
				GCC_C_LANGUAGE_STANDARD = gnu99;
				GCC_ENABLE_OBJC_EXCEPTIONS = YES;
				GCC_PREPROCESSOR_DEFINITIONS = (
					myDisableMiniZ,
					myDisableOpenJPEG,
				);
				GCC_WARN_64_TO_32_BIT_CONVERSION = YES;
				GCC_WARN_ABOUT_RETURN_TYPE = YES;
				GCC_WARN_UNINITIALIZED_AUTOS = YES;
				GCC_WARN_UNUSED_VARIABLE = YES;
				MACOSX_DEPLOYMENT_TARGET = 10.6;
				SDKROOT = "";
			};
			name = Release;
		};
		4F9EB67518F333DF00F6A696 /* Debug */ = {
			isa = XCBuildConfiguration;
			buildSettings = {
				CLANG_ENABLE_OBJC_ARC = NO;
				COMBINE_HIDPI_IMAGES = YES;
				DEAD_CODE_STRIPPING = YES;
				GCC_PRECOMPILE_PREFIX_HEADER = YES;
				GCC_PREFIX_HEADER = "dcm2/dcm2-Prefix.pch";
				INFOPLIST_FILE = "dcm2/dcm2-Info.plist";
				MACOSX_DEPLOYMENT_TARGET = 10.6;
				PRODUCT_NAME = "$(TARGET_NAME)";
				WRAPPER_EXTENSION = app;
			};
			name = Debug;
		};
		4F9EB67618F333DF00F6A696 /* Release */ = {
			isa = XCBuildConfiguration;
			buildSettings = {
				CLANG_ENABLE_OBJC_ARC = NO;
				COMBINE_HIDPI_IMAGES = YES;
				DEAD_CODE_STRIPPING = YES;
				DEBUG_INFORMATION_FORMAT = dwarf;
				GCC_PRECOMPILE_PREFIX_HEADER = YES;
				GCC_PREFIX_HEADER = "dcm2/dcm2-Prefix.pch";
				INFOPLIST_FILE = "dcm2/dcm2-Info.plist";
				MACOSX_DEPLOYMENT_TARGET = 10.6;
				ONLY_ACTIVE_ARCH = YES;
				PRODUCT_NAME = "$(TARGET_NAME)";
				WRAPPER_EXTENSION = app;
			};
			name = Release;
		};
/* End XCBuildConfiguration section */

/* Begin XCConfigurationList section */
		4F9EB63E18F333DF00F6A696 /* Build configuration list for PBXProject "dcm2" */ = {
			isa = XCConfigurationList;
			buildConfigurations = (
				4F9EB67218F333DF00F6A696 /* Debug */,
				4F9EB67318F333DF00F6A696 /* Release */,
			);
			defaultConfigurationIsVisible = 0;
			defaultConfigurationName = Release;
		};
		4F9EB67418F333DF00F6A696 /* Build configuration list for PBXNativeTarget "dcm2" */ = {
			isa = XCConfigurationList;
			buildConfigurations = (
				4F9EB67518F333DF00F6A696 /* Debug */,
				4F9EB67618F333DF00F6A696 /* Release */,
			);
			defaultConfigurationIsVisible = 0;
			defaultConfigurationName = Release;
		};
/* End XCConfigurationList section */
	};
	rootObject = 4F9EB63B18F333DF00F6A696 /* Project object */;
}
